
Microsoft Visual Studio Solution File, Format Version 12.00
# Visual Studio 15
VisualStudioVersion = 15.0.28307.852
MinimumVisualStudioVersion = 10.0.40219.1
Project("{FAE04EC0-301F-11D3-BF4B-00C04F79EFBC}") = "OrganizadorChurrasco", "OrganizadorChurrasco\OrganizadorChurrasco.csproj", "{C16E0835-96E0-440C-A75E-A51A315FCA21}"
EndProject
Global
	GlobalSection(SolutionConfigurationPlatforms) = preSolution
		Debug|Any CPU = Debug|Any CPU
		Release|Any CPU = Release|Any CPU
	EndGlobalSection
	GlobalSection(ProjectConfigurationPlatforms) = postSolution
		{C16E0835-96E0-440C-A75E-A51A315FCA21}.Debug|Any CPU.ActiveCfg = Debug|Any CPU
		{C16E0835-96E0-440C-A75E-A51A315FCA21}.Debug|Any CPU.Build.0 = Debug|Any CPU
		{C16E0835-96E0-440C-A75E-A51A315FCA21}.Release|Any CPU.ActiveCfg = Release|Any CPU
		{C16E0835-96E0-440C-A75E-A51A315FCA21}.Release|Any CPU.Build.0 = Release|Any CPU
	EndGlobalSection
	GlobalSection(SolutionProperties) = preSolution
		HideSolutionNode = FALSE
	EndGlobalSection
	GlobalSection(ExtensibilityGlobals) = postSolution
		SolutionGuid = {91822867-3B0C-4461-BC39-05C1A4629C70}
	EndGlobalSection
EndGlobal
